// !$*UTF8*$!
{
	archiveVersion = 1;
	classes = {
	};
	objectVersion = 56;
	objects = {

/* Begin PBXBuildFile section */
		1E61DC752BC9963B0088BBDC /* ChatUiAppApp.swift in Sources */ = {isa = PBXBuildFile; fileRef = 1E61DC742BC9963B0088BBDC /* ChatUiAppApp.swift */; };
		1E61DC772BC9963B0088BBDC /* ContentView.swift in Sources */ = {isa = PBXBuildFile; fileRef = 1E61DC762BC9963B0088BBDC /* ContentView.swift */; };
		1E61DC792BC9963C0088BBDC /* Assets.xcassets in Resources */ = {isa = PBXBuildFile; fileRef = 1E61DC782BC9963C0088BBDC /* Assets.xcassets */; };
		1E61DC7C2BC9963C0088BBDC /* Preview Assets.xcassets in Resources */ = {isa = PBXBuildFile; fileRef = 1E61DC7B2BC9963C0088BBDC /* Preview Assets.xcassets */; };
		1E61DC852BC9965C0088BBDC /* LoginView.swift in Sources */ = {isa = PBXBuildFile; fileRef = 1E61DC842BC9965C0088BBDC /* LoginView.swift */; };
		1E61DC872BC996660088BBDC /* RegistrationView.swift in Sources */ = {isa = PBXBuildFile; fileRef = 1E61DC862BC996660088BBDC /* RegistrationView.swift */; };
		1E61DC8A2BC9A9540088BBDC /* CustomTextFields.swift in Sources */ = {isa = PBXBuildFile; fileRef = 1E61DC892BC9A9540088BBDC /* CustomTextFields.swift */; };
		1E61DC8D2BC9B47B0088BBDC /* MainTabView.swift in Sources */ = {isa = PBXBuildFile; fileRef = 1E61DC8C2BC9B47B0088BBDC /* MainTabView.swift */; };
		1E61DC922BC9B6C40088BBDC /* ChannelsView.swift in Sources */ = {isa = PBXBuildFile; fileRef = 1E61DC912BC9B6C40088BBDC /* ChannelsView.swift */; };
		1E61DC942BC9B6FD0088BBDC /* SettingsView.swift in Sources */ = {isa = PBXBuildFile; fileRef = 1E61DC932BC9B6FD0088BBDC /* SettingsView.swift */; };
		1E61DC962BC9B71B0088BBDC /* ChatsView.swift in Sources */ = {isa = PBXBuildFile; fileRef = 1E61DC952BC9B71B0088BBDC /* ChatsView.swift */; };
		1E61DC992BC9B7720088BBDC /* ConversationsView.swift in Sources */ = {isa = PBXBuildFile; fileRef = 1E61DC982BC9B7720088BBDC /* ConversationsView.swift */; };
		1E61DC9B2BC9C7060088BBDC /* SettingsHeaderView.swift in Sources */ = {isa = PBXBuildFile; fileRef = 1E61DC9A2BC9C7060088BBDC /* SettingsHeaderView.swift */; };
		1E61DC9D2BCA08EC0088BBDC /* SettingsCell.swift in Sources */ = {isa = PBXBuildFile; fileRef = 1E61DC9C2BCA08EC0088BBDC /* SettingsCell.swift */; };
		1E61DCA12BCA0DAB0088BBDC /* SettingsCellViewModel.swift in Sources */ = {isa = PBXBuildFile; fileRef = 1E61DCA02BCA0DAB0088BBDC /* SettingsCellViewModel.swift */; };
		1E61DCA32BCA134C0088BBDC /* EditProfileView.swift in Sources */ = {isa = PBXBuildFile; fileRef = 1E61DCA22BCA134C0088BBDC /* EditProfileView.swift */; };
		1E61DCA52BCB18F70088BBDC /* StatusSelectorView.swift in Sources */ = {isa = PBXBuildFile; fileRef = 1E61DCA42BCB18F70088BBDC /* StatusSelectorView.swift */; };
		1E61DCA72BCB228E0088BBDC /* StatusViewModel.swift in Sources */ = {isa = PBXBuildFile; fileRef = 1E61DCA62BCB228E0088BBDC /* StatusViewModel.swift */; };
		1E61DCAA2BCB4DB20088BBDC /* ImagePicker.swift in Sources */ = {isa = PBXBuildFile; fileRef = 1E61DCA92BCB4DB20088BBDC /* ImagePicker.swift */; };
/* End PBXBuildFile section */

/* Begin PBXFileReference section */
		1E61DC712BC9963B0088BBDC /* ChatUiApp.app */ = {isa = PBXFileReference; explicitFileType = wrapper.application; includeInIndex = 0; path = ChatUiApp.app; sourceTree = BUILT_PRODUCTS_DIR; };
		1E61DC742BC9963B0088BBDC /* ChatUiAppApp.swift */ = {isa = PBXFileReference; lastKnownFileType = sourcecode.swift; path = ChatUiAppApp.swift; sourceTree = "<group>"; };
		1E61DC762BC9963B0088BBDC /* ContentView.swift */ = {isa = PBXFileReference; lastKnownFileType = sourcecode.swift; path = ContentView.swift; sourceTree = "<group>"; };
		1E61DC782BC9963C0088BBDC /* Assets.xcassets */ = {isa = PBXFileReference; lastKnownFileType = folder.assetcatalog; path = Assets.xcassets; sourceTree = "<group>"; };
		1E61DC7B2BC9963C0088BBDC /* Preview Assets.xcassets */ = {isa = PBXFileReference; lastKnownFileType = folder.assetcatalog; path = "Preview Assets.xcassets"; sourceTree = "<group>"; };
		1E61DC842BC9965C0088BBDC /* LoginView.swift */ = {isa = PBXFileReference; lastKnownFileType = sourcecode.swift; path = LoginView.swift; sourceTree = "<group>"; };
		1E61DC862BC996660088BBDC /* RegistrationView.swift */ = {isa = PBXFileReference; lastKnownFileType = sourcecode.swift; path = RegistrationView.swift; sourceTree = "<group>"; };
		1E61DC892BC9A9540088BBDC /* CustomTextFields.swift */ = {isa = PBXFileReference; lastKnownFileType = sourcecode.swift; path = CustomTextFields.swift; sourceTree = "<group>"; };
		1E61DC8C2BC9B47B0088BBDC /* MainTabView.swift */ = {isa = PBXFileReference; lastKnownFileType = sourcecode.swift; path = MainTabView.swift; sourceTree = "<group>"; };
		1E61DC912BC9B6C40088BBDC /* ChannelsView.swift */ = {isa = PBXFileReference; lastKnownFileType = sourcecode.swift; path = ChannelsView.swift; sourceTree = "<group>"; };
		1E61DC932BC9B6FD0088BBDC /* SettingsView.swift */ = {isa = PBXFileReference; lastKnownFileType = sourcecode.swift; path = SettingsView.swift; sourceTree = "<group>"; };
		1E61DC952BC9B71B0088BBDC /* ChatsView.swift */ = {isa = PBXFileReference; lastKnownFileType = sourcecode.swift; path = ChatsView.swift; sourceTree = "<group>"; };
		1E61DC982BC9B7720088BBDC /* ConversationsView.swift */ = {isa = PBXFileReference; lastKnownFileType = sourcecode.swift; path = ConversationsView.swift; sourceTree = "<group>"; };
		1E61DC9A2BC9C7060088BBDC /* SettingsHeaderView.swift */ = {isa = PBXFileReference; lastKnownFileType = sourcecode.swift; path = SettingsHeaderView.swift; sourceTree = "<group>"; };
		1E61DC9C2BCA08EC0088BBDC /* SettingsCell.swift */ = {isa = PBXFileReference; lastKnownFileType = sourcecode.swift; path = SettingsCell.swift; sourceTree = "<group>"; };
		1E61DCA02BCA0DAB0088BBDC /* SettingsCellViewModel.swift */ = {isa = PBXFileReference; lastKnownFileType = sourcecode.swift; path = SettingsCellViewModel.swift; sourceTree = "<group>"; };
		1E61DCA22BCA134C0088BBDC /* EditProfileView.swift */ = {isa = PBXFileReference; lastKnownFileType = sourcecode.swift; path = EditProfileView.swift; sourceTree = "<group>"; };
		1E61DCA42BCB18F70088BBDC /* StatusSelectorView.swift */ = {isa = PBXFileReference; lastKnownFileType = sourcecode.swift; path = StatusSelectorView.swift; sourceTree = "<group>"; };
		1E61DCA62BCB228E0088BBDC /* StatusViewModel.swift */ = {isa = PBXFileReference; lastKnownFileType = sourcecode.swift; path = StatusViewModel.swift; sourceTree = "<group>"; };
		1E61DCA92BCB4DB20088BBDC /* ImagePicker.swift */ = {isa = PBXFileReference; lastKnownFileType = sourcecode.swift; path = ImagePicker.swift; sourceTree = "<group>"; };
/* End PBXFileReference section */

/* Begin PBXFrameworksBuildPhase section */
		1E61DC6E2BC9963B0088BBDC /* Frameworks */ = {
			isa = PBXFrameworksBuildPhase;
			buildActionMask = 2147483647;
			files = (
			);
			runOnlyForDeploymentPostprocessing = 0;
		};
/* End PBXFrameworksBuildPhase section */

/* Begin PBXGroup section */
		1E61DC682BC9963B0088BBDC = {
			isa = PBXGroup;
			children = (
				1E61DC732BC9963B0088BBDC /* ChatUiApp */,
				1E61DC722BC9963B0088BBDC /* Products */,
			);
			sourceTree = "<group>";
		};
		1E61DC722BC9963B0088BBDC /* Products */ = {
			isa = PBXGroup;
			children = (
				1E61DC712BC9963B0088BBDC /* ChatUiApp.app */,
			);
			name = Products;
			sourceTree = "<group>";
		};
		1E61DC732BC9963B0088BBDC /* ChatUiApp */ = {
			isa = PBXGroup;
			children = (
				1E61DC882BC9A93F0088BBDC /* Utils */,
				1E61DC822BC996480088BBDC /* View */,
				1E61DC742BC9963B0088BBDC /* ChatUiAppApp.swift */,
				1E61DC762BC9963B0088BBDC /* ContentView.swift */,
				1E61DC782BC9963C0088BBDC /* Assets.xcassets */,
				1E61DC7A2BC9963C0088BBDC /* Preview Content */,
			);
			path = ChatUiApp;
			sourceTree = "<group>";
		};
		1E61DC7A2BC9963C0088BBDC /* Preview Content */ = {
			isa = PBXGroup;
			children = (
				1E61DC7B2BC9963C0088BBDC /* Preview Assets.xcassets */,
			);
			path = "Preview Content";
			sourceTree = "<group>";
		};
		1E61DC822BC996480088BBDC /* View */ = {
			isa = PBXGroup;
			children = (
				1E61DC972BC9B75B0088BBDC /* Conversations */,
				1E61DC902BC9B6AD0088BBDC /* Chats */,
				1E61DC8F2BC9B6970088BBDC /* Settings */,
				1E61DC8E2BC9B6840088BBDC /* Channels */,
				1E61DC9F2BCA0D8E0088BBDC /* ViewModel */,
				1E61DCA82BCB4D940088BBDC /* Utils */,
				1E61DC8B2BC9B4670088BBDC /* Main */,
				1E61DC832BC9964E0088BBDC /* Authentication */,
			);
			path = View;
			sourceTree = "<group>";
		};
		1E61DC832BC9964E0088BBDC /* Authentication */ = {
			isa = PBXGroup;
			children = (
				1E61DC842BC9965C0088BBDC /* LoginView.swift */,
				1E61DC862BC996660088BBDC /* RegistrationView.swift */,
			);
			path = Authentication;
			sourceTree = "<group>";
		};
		1E61DC882BC9A93F0088BBDC /* Utils */ = {
			isa = PBXGroup;
			children = (
				1E61DC892BC9A9540088BBDC /* CustomTextFields.swift */,
			);
			path = Utils;
			sourceTree = "<group>";
		};
		1E61DC8B2BC9B4670088BBDC /* Main */ = {
			isa = PBXGroup;
			children = (
				1E61DC8C2BC9B47B0088BBDC /* MainTabView.swift */,
			);
			path = Main;
			sourceTree = "<group>";
		};
		1E61DC8E2BC9B6840088BBDC /* Channels */ = {
			isa = PBXGroup;
			children = (
				1E61DC912BC9B6C40088BBDC /* ChannelsView.swift */,
			);
			path = Channels;
			sourceTree = "<group>";
		};
		1E61DC8F2BC9B6970088BBDC /* Settings */ = {
			isa = PBXGroup;
			children = (
				1E61DC932BC9B6FD0088BBDC /* SettingsView.swift */,
				1E61DCA42BCB18F70088BBDC /* StatusSelectorView.swift */,
				1E61DC9A2BC9C7060088BBDC /* SettingsHeaderView.swift */,
				1E61DC9C2BCA08EC0088BBDC /* SettingsCell.swift */,
				1E61DCA22BCA134C0088BBDC /* EditProfileView.swift */,
			);
			path = Settings;
			sourceTree = "<group>";
		};
		1E61DC902BC9B6AD0088BBDC /* Chats */ = {
			isa = PBXGroup;
			children = (
				1E61DC952BC9B71B0088BBDC /* ChatsView.swift */,
			);
			path = Chats;
			sourceTree = "<group>";
		};
		1E61DC972BC9B75B0088BBDC /* Conversations */ = {
			isa = PBXGroup;
			children = (
				1E61DC982BC9B7720088BBDC /* ConversationsView.swift */,
			);
			path = Conversations;
			sourceTree = "<group>";
		};
		1E61DC9F2BCA0D8E0088BBDC /* ViewModel */ = {
			isa = PBXGroup;
			children = (
				1E61DCA02BCA0DAB0088BBDC /* SettingsCellViewModel.swift */,
				1E61DCA62BCB228E0088BBDC /* StatusViewModel.swift */,
			);
			path = ViewModel;
			sourceTree = "<group>";
		};
		1E61DCA82BCB4D940088BBDC /* Utils */ = {
			isa = PBXGroup;
			children = (
				1E61DCA92BCB4DB20088BBDC /* ImagePicker.swift */,
			);
			path = Utils;
			sourceTree = "<group>";
		};
/* End PBXGroup section */

/* Begin PBXNativeTarget section */
		1E61DC702BC9963B0088BBDC /* ChatUiApp */ = {
			isa = PBXNativeTarget;
			buildConfigurationList = 1E61DC7F2BC9963C0088BBDC /* Build configuration list for PBXNativeTarget "ChatUiApp" */;
			buildPhases = (
				1E61DC6D2BC9963B0088BBDC /* Sources */,
				1E61DC6E2BC9963B0088BBDC /* Frameworks */,
				1E61DC6F2BC9963B0088BBDC /* Resources */,
			);
			buildRules = (
			);
			dependencies = (
			);
			name = ChatUiApp;
			productName = ChatUiApp;
			productReference = 1E61DC712BC9963B0088BBDC /* ChatUiApp.app */;
			productType = "com.apple.product-type.application";
		};
/* End PBXNativeTarget section */

/* Begin PBXProject section */
		1E61DC692BC9963B0088BBDC /* Project object */ = {
			isa = PBXProject;
			attributes = {
				BuildIndependentTargetsInParallel = 1;
				LastSwiftUpdateCheck = 1530;
				LastUpgradeCheck = 1530;
				TargetAttributes = {
					1E61DC702BC9963B0088BBDC = {
						CreatedOnToolsVersion = 15.3;
					};
				};
			};
			buildConfigurationList = 1E61DC6C2BC9963B0088BBDC /* Build configuration list for PBXProject "ChatUiApp" */;
			compatibilityVersion = "Xcode 14.0";
			developmentRegion = en;
			hasScannedForEncodings = 0;
			knownRegions = (
				en,
				Base,
			);
			mainGroup = 1E61DC682BC9963B0088BBDC;
			productRefGroup = 1E61DC722BC9963B0088BBDC /* Products */;
			projectDirPath = "";
			projectRoot = "";
			targets = (
				1E61DC702BC9963B0088BBDC /* ChatUiApp */,
			);
		};
/* End PBXProject section */

/* Begin PBXResourcesBuildPhase section */
		1E61DC6F2BC9963B0088BBDC /* Resources */ = {
			isa = PBXResourcesBuildPhase;
			buildActionMask = 2147483647;
			files = (
				1E61DC7C2BC9963C0088BBDC /* Preview Assets.xcassets in Resources */,
				1E61DC792BC9963C0088BBDC /* Assets.xcassets in Resources */,
			);
			runOnlyForDeploymentPostprocessing = 0;
		};
/* End PBXResourcesBuildPhase section */

/* Begin PBXSourcesBuildPhase section */
		1E61DC6D2BC9963B0088BBDC /* Sources */ = {
			isa = PBXSourcesBuildPhase;
			buildActionMask = 2147483647;
			files = (
				1E61DCA72BCB228E0088BBDC /* StatusViewModel.swift in Sources */,
				1E61DCA32BCA134C0088BBDC /* EditProfileView.swift in Sources */,
				1E61DCA52BCB18F70088BBDC /* StatusSelectorView.swift in Sources */,
				1E61DCAA2BCB4DB20088BBDC /* ImagePicker.swift in Sources */,
				1E61DC852BC9965C0088BBDC /* LoginView.swift in Sources */,
				1E61DC942BC9B6FD0088BBDC /* SettingsView.swift in Sources */,
				1E61DCA12BCA0DAB0088BBDC /* SettingsCellViewModel.swift in Sources */,
				1E61DC9D2BCA08EC0088BBDC /* SettingsCell.swift in Sources */,
				1E61DC922BC9B6C40088BBDC /* ChannelsView.swift in Sources */,
				1E61DC9B2BC9C7060088BBDC /* SettingsHeaderView.swift in Sources */,
				1E61DC992BC9B7720088BBDC /* ConversationsView.swift in Sources */,
				1E61DC8A2BC9A9540088BBDC /* CustomTextFields.swift in Sources */,
				1E61DC772BC9963B0088BBDC /* ContentView.swift in Sources */,
				1E61DC752BC9963B0088BBDC /* ChatUiAppApp.swift in Sources */,
				1E61DC962BC9B71B0088BBDC /* ChatsView.swift in Sources */,
				1E61DC872BC996660088BBDC /* RegistrationView.swift in Sources */,
				1E61DC8D2BC9B47B0088BBDC /* MainTabView.swift in Sources */,
			);
			runOnlyForDeploymentPostprocessing = 0;
		};
/* End PBXSourcesBuildPhase section */

/* Begin XCBuildConfiguration section */
		1E61DC7D2BC9963C0088BBDC /* Debug */ = {
			isa = XCBuildConfiguration;
			buildSettings = {
				ALWAYS_SEARCH_USER_PATHS = NO;
				ASSETCATALOG_COMPILER_GENERATE_SWIFT_ASSET_SYMBOL_EXTENSIONS = YES;
				CLANG_ANALYZER_NONNULL = YES;
				CLANG_ANALYZER_NUMBER_OBJECT_CONVERSION = YES_AGGRESSIVE;
				CLANG_CXX_LANGUAGE_STANDARD = "gnu++20";
				CLANG_ENABLE_MODULES = YES;
				CLANG_ENABLE_OBJC_ARC = YES;
				CLANG_ENABLE_OBJC_WEAK = YES;
				CLANG_WARN_BLOCK_CAPTURE_AUTORELEASING = YES;
				CLANG_WARN_BOOL_CONVERSION = YES;
				CLANG_WARN_COMMA = YES;
				CLANG_WARN_CONSTANT_CONVERSION = YES;
				CLANG_WARN_DEPRECATED_OBJC_IMPLEMENTATIONS = YES;
				CLANG_WARN_DIRECT_OBJC_ISA_USAGE = YES_ERROR;
				CLANG_WARN_DOCUMENTATION_COMMENTS = YES;
				CLANG_WARN_EMPTY_BODY = YES;
				CLANG_WARN_ENUM_CONVERSION = YES;
				CLANG_WARN_INFINITE_RECURSION = YES;
				CLANG_WARN_INT_CONVERSION = YES;
				CLANG_WARN_NON_LITERAL_NULL_CONVERSION = YES;
				CLANG_WARN_OBJC_IMPLICIT_RETAIN_SELF = YES;
				CLANG_WARN_OBJC_LITERAL_CONVERSION = YES;
				CLANG_WARN_OBJC_ROOT_CLASS = YES_ERROR;
				CLANG_WARN_QUOTED_INCLUDE_IN_FRAMEWORK_HEADER = YES;
				CLANG_WARN_RANGE_LOOP_ANALYSIS = YES;
				CLANG_WARN_STRICT_PROTOTYPES = YES;
				CLANG_WARN_SUSPICIOUS_MOVE = YES;
				CLANG_WARN_UNGUARDED_AVAILABILITY = YES_AGGRESSIVE;
				CLANG_WARN_UNREACHABLE_CODE = YES;
				CLANG_WARN__DUPLICATE_METHOD_MATCH = YES;
				COPY_PHASE_STRIP = NO;
				DEBUG_INFORMATION_FORMAT = dwarf;
				ENABLE_STRICT_OBJC_MSGSEND = YES;
				ENABLE_TESTABILITY = YES;
				ENABLE_USER_SCRIPT_SANDBOXING = YES;
				GCC_C_LANGUAGE_STANDARD = gnu17;
				GCC_DYNAMIC_NO_PIC = NO;
				GCC_NO_COMMON_BLOCKS = YES;
				GCC_OPTIMIZATION_LEVEL = 0;
				GCC_PREPROCESSOR_DEFINITIONS = (
					"DEBUG=1",
					"$(inherited)",
				);
				GCC_WARN_64_TO_32_BIT_CONVERSION = YES;
				GCC_WARN_ABOUT_RETURN_TYPE = YES_ERROR;
				GCC_WARN_UNDECLARED_SELECTOR = YES;
				GCC_WARN_UNINITIALIZED_AUTOS = YES_AGGRESSIVE;
				GCC_WARN_UNUSED_FUNCTION = YES;
				GCC_WARN_UNUSED_VARIABLE = YES;
				IPHONEOS_DEPLOYMENT_TARGET = 17.4;
				LOCALIZATION_PREFERS_STRING_CATALOGS = YES;
				MTL_ENABLE_DEBUG_INFO = INCLUDE_SOURCE;
				MTL_FAST_MATH = YES;
				ONLY_ACTIVE_ARCH = YES;
				SDKROOT = iphoneos;
				SWIFT_ACTIVE_COMPILATION_CONDITIONS = "DEBUG $(inherited)";
				SWIFT_OPTIMIZATION_LEVEL = "-Onone";
			};
			name = Debug;
		};
		1E61DC7E2BC9963C0088BBDC /* Release */ = {
			isa = XCBuildConfiguration;
			buildSettings = {
				ALWAYS_SEARCH_USER_PATHS = NO;
				ASSETCATALOG_COMPILER_GENERATE_SWIFT_ASSET_SYMBOL_EXTENSIONS = YES;
				CLANG_ANALYZER_NONNULL = YES;
				CLANG_ANALYZER_NUMBER_OBJECT_CONVERSION = YES_AGGRESSIVE;
				CLANG_CXX_LANGUAGE_STANDARD = "gnu++20";
				CLANG_ENABLE_MODULES = YES;
				CLANG_ENABLE_OBJC_ARC = YES;
				CLANG_ENABLE_OBJC_WEAK = YES;
				CLANG_WARN_BLOCK_CAPTURE_AUTORELEASING = YES;
				CLANG_WARN_BOOL_CONVERSION = YES;
				CLANG_WARN_COMMA = YES;
				CLANG_WARN_CONSTANT_CONVERSION = YES;
				CLANG_WARN_DEPRECATED_OBJC_IMPLEMENTATIONS = YES;
				CLANG_WARN_DIRECT_OBJC_ISA_USAGE = YES_ERROR;
				CLANG_WARN_DOCUMENTATION_COMMENTS = YES;
				CLANG_WARN_EMPTY_BODY = YES;
				CLANG_WARN_ENUM_CONVERSION = YES;
				CLANG_WARN_INFINITE_RECURSION = YES;
				CLANG_WARN_INT_CONVERSION = YES;
				CLANG_WARN_NON_LITERAL_NULL_CONVERSION = YES;
				CLANG_WARN_OBJC_IMPLICIT_RETAIN_SELF = YES;
				CLANG_WARN_OBJC_LITERAL_CONVERSION = YES;
				CLANG_WARN_OBJC_ROOT_CLASS = YES_ERROR;
				CLANG_WARN_QUOTED_INCLUDE_IN_FRAMEWORK_HEADER = YES;
				CLANG_WARN_RANGE_LOOP_ANALYSIS = YES;
				CLANG_WARN_STRICT_PROTOTYPES = YES;
				CLANG_WARN_SUSPICIOUS_MOVE = YES;
				CLANG_WARN_UNGUARDED_AVAILABILITY = YES_AGGRESSIVE;
				CLANG_WARN_UNREACHABLE_CODE = YES;
				CLANG_WARN__DUPLICATE_METHOD_MATCH = YES;
				COPY_PHASE_STRIP = NO;
				DEBUG_INFORMATION_FORMAT = "dwarf-with-dsym";
				ENABLE_NS_ASSERTIONS = NO;
				ENABLE_STRICT_OBJC_MSGSEND = YES;
				ENABLE_USER_SCRIPT_SANDBOXING = YES;
				GCC_C_LANGUAGE_STANDARD = gnu17;
				GCC_NO_COMMON_BLOCKS = YES;
				GCC_WARN_64_TO_32_BIT_CONVERSION = YES;
				GCC_WARN_ABOUT_RETURN_TYPE = YES_ERROR;
				GCC_WARN_UNDECLARED_SELECTOR = YES;
				GCC_WARN_UNINITIALIZED_AUTOS = YES_AGGRESSIVE;
				GCC_WARN_UNUSED_FUNCTION = YES;
				GCC_WARN_UNUSED_VARIABLE = YES;
				IPHONEOS_DEPLOYMENT_TARGET = 17.4;
				LOCALIZATION_PREFERS_STRING_CATALOGS = YES;
				MTL_ENABLE_DEBUG_INFO = NO;
				MTL_FAST_MATH = YES;
				SDKROOT = iphoneos;
				SWIFT_COMPILATION_MODE = wholemodule;
				VALIDATE_PRODUCT = YES;
			};
			name = Release;
		};
		1E61DC802BC9963C0088BBDC /* Debug */ = {
			isa = XCBuildConfiguration;
			buildSettings = {
				ASSETCATALOG_COMPILER_APPICON_NAME = AppIcon;
				ASSETCATALOG_COMPILER_GLOBAL_ACCENT_COLOR_NAME = AccentColor;
				CODE_SIGN_STYLE = Automatic;
				CURRENT_PROJECT_VERSION = 1;
				DEVELOPMENT_ASSET_PATHS = "\"ChatUiApp/Preview Content\"";
				DEVELOPMENT_TEAM = NXWBVPVLNE;
				ENABLE_PREVIEWS = YES;
				GENERATE_INFOPLIST_FILE = YES;
				INFOPLIST_KEY_UIApplicationSceneManifest_Generation = YES;
				INFOPLIST_KEY_UIApplicationSupportsIndirectInputEvents = YES;
				INFOPLIST_KEY_UILaunchScreen_Generation = YES;
				INFOPLIST_KEY_UISupportedInterfaceOrientations_iPad = "UIInterfaceOrientationPortrait UIInterfaceOrientationPortraitUpsideDown UIInterfaceOrientationLandscapeLeft UIInterfaceOrientationLandscapeRight";
				INFOPLIST_KEY_UISupportedInterfaceOrientations_iPhone = "UIInterfaceOrientationPortrait UIInterfaceOrientationLandscapeLeft UIInterfaceOrientationLandscapeRight";
				LD_RUNPATH_SEARCH_PATHS = (
					"$(inherited)",
					"@executable_path/Frameworks",
				);
				MARKETING_VERSION = 1.0;
				PRODUCT_BUNDLE_IDENTIFIER = tamerafyon.com.ChatUiApp;
				PRODUCT_NAME = "$(TARGET_NAME)";
				SWIFT_EMIT_LOC_STRINGS = YES;
				SWIFT_VERSION = 5.0;
				TARGETED_DEVICE_FAMILY = "1,2";
			};
			name = Debug;
		};
		1E61DC812BC9963C0088BBDC /* Release */ = {
			isa = XCBuildConfiguration;
			buildSettings = {
				ASSETCATALOG_COMPILER_APPICON_NAME = AppIcon;
				ASSETCATALOG_COMPILER_GLOBAL_ACCENT_COLOR_NAME = AccentColor;
				CODE_SIGN_STYLE = Automatic;
				CURRENT_PROJECT_VERSION = 1;
				DEVELOPMENT_ASSET_PATHS = "\"ChatUiApp/Preview Content\"";
				DEVELOPMENT_TEAM = NXWBVPVLNE;
				ENABLE_PREVIEWS = YES;
				GENERATE_INFOPLIST_FILE = YES;
				INFOPLIST_KEY_UIApplicationSceneManifest_Generation = YES;
				INFOPLIST_KEY_UIApplicationSupportsIndirectInputEvents = YES;
				INFOPLIST_KEY_UILaunchScreen_Generation = YES;
				INFOPLIST_KEY_UISupportedInterfaceOrientations_iPad = "UIInterfaceOrientationPortrait UIInterfaceOrientationPortraitUpsideDown UIInterfaceOrientationLandscapeLeft UIInterfaceOrientationLandscapeRight";
				INFOPLIST_KEY_UISupportedInterfaceOrientations_iPhone = "UIInterfaceOrientationPortrait UIInterfaceOrientationLandscapeLeft UIInterfaceOrientationLandscapeRight";
				LD_RUNPATH_SEARCH_PATHS = (
					"$(inherited)",
					"@executable_path/Frameworks",
				);
				MARKETING_VERSION = 1.0;
				PRODUCT_BUNDLE_IDENTIFIER = tamerafyon.com.ChatUiApp;
				PRODUCT_NAME = "$(TARGET_NAME)";
				SWIFT_EMIT_LOC_STRINGS = YES;
				SWIFT_VERSION = 5.0;
				TARGETED_DEVICE_FAMILY = "1,2";
			};
			name = Release;
		};
/* End XCBuildConfiguration section */

/* Begin XCConfigurationList section */
		1E61DC6C2BC9963B0088BBDC /* Build configuration list for PBXProject "ChatUiApp" */ = {
			isa = XCConfigurationList;
			buildConfigurations = (
				1E61DC7D2BC9963C0088BBDC /* Debug */,
				1E61DC7E2BC9963C0088BBDC /* Release */,
			);
			defaultConfigurationIsVisible = 0;
			defaultConfigurationName = Release;
		};
		1E61DC7F2BC9963C0088BBDC /* Build configuration list for PBXNativeTarget "ChatUiApp" */ = {
			isa = XCConfigurationList;
			buildConfigurations = (
				1E61DC802BC9963C0088BBDC /* Debug */,
				1E61DC812BC9963C0088BBDC /* Release */,
			);
			defaultConfigurationIsVisible = 0;
			defaultConfigurationName = Release;
		};
/* End XCConfigurationList section */
	};
	rootObject = 1E61DC692BC9963B0088BBDC /* Project object */;
}
